
Microsoft Visual Studio Solution File, Format Version 12.00
# Visual Studio Version 16
VisualStudioVersion = 16.0.28803.202
MinimumVisualStudioVersion = 15.0.26124.0
Project("{9A19103F-16F7-4668-BE54-9A1E7A4F7556}") = "Nullforce.Api.Derpibooru.JsonModels", "src\Nullforce.Api.Derpibooru.JsonModels.csproj", "{E589723A-CA82-4B48-9049-3135C3859F91}"
EndProject
Project("{9A19103F-16F7-4668-BE54-9A1E7A4F7556}") = "_build", "build\_build.csproj", "{2EAAEB07-0805-456A-BBEF-68E1AEA4E2C7}"
EndProject
Project("{9A19103F-16F7-4668-BE54-9A1E7A4F7556}") = "Nullforce.Api.Derpibooru.JsonModels.Tests", "tests\Nullforce.Api.Derpibooru.JsonModel.Tests\Nullforce.Api.Derpibooru.JsonModels.Tests.csproj", "{04539D26-C3CE-4310-8B7A-B86F837DBD52}"
EndProject
Global
	GlobalSection(SolutionConfigurationPlatforms) = preSolution
		Debug|Any CPU = Debug|Any CPU
		Debug|x64 = Debug|x64
		Debug|x86 = Debug|x86
		Release|Any CPU = Release|Any CPU
		Release|x64 = Release|x64
		Release|x86 = Release|x86
	EndGlobalSection
	GlobalSection(ProjectConfigurationPlatforms) = postSolution
		{E589723A-CA82-4B48-9049-3135C3859F91}.Debug|Any CPU.ActiveCfg = Debug|Any CPU
		{E589723A-CA82-4B48-9049-3135C3859F91}.Debug|Any CPU.Build.0 = Debug|Any CPU
		{E589723A-CA82-4B48-9049-3135C3859F91}.Debug|x64.ActiveCfg = Debug|Any CPU
		{E589723A-CA82-4B48-9049-3135C3859F91}.Debug|x64.Build.0 = Debug|Any CPU
		{E589723A-CA82-4B48-9049-3135C3859F91}.Debug|x86.ActiveCfg = Debug|Any CPU
		{E589723A-CA82-4B48-9049-3135C3859F91}.Debug|x86.Build.0 = Debug|Any CPU
		{E589723A-CA82-4B48-9049-3135C3859F91}.Release|Any CPU.ActiveCfg = Release|Any CPU
		{E589723A-CA82-4B48-9049-3135C3859F91}.Release|Any CPU.Build.0 = Release|Any CPU
		{E589723A-CA82-4B48-9049-3135C3859F91}.Release|x64.ActiveCfg = Release|Any CPU
		{E589723A-CA82-4B48-9049-3135C3859F91}.Release|x64.Build.0 = Release|Any CPU
		{E589723A-CA82-4B48-9049-3135C3859F91}.Release|x86.ActiveCfg = Release|Any CPU
		{E589723A-CA82-4B48-9049-3135C3859F91}.Release|x86.Build.0 = Release|Any CPU
		{04539D26-C3CE-4310-8B7A-B86F837DBD52}.Debug|Any CPU.ActiveCfg = Debug|Any CPU
		{04539D26-C3CE-4310-8B7A-B86F837DBD52}.Debug|Any CPU.Build.0 = Debug|Any CPU
		{04539D26-C3CE-4310-8B7A-B86F837DBD52}.Debug|x64.ActiveCfg = Debug|Any CPU
		{04539D26-C3CE-4310-8B7A-B86F837DBD52}.Debug|x64.Build.0 = Debug|Any CPU
		{04539D26-C3CE-4310-8B7A-B86F837DBD52}.Debug|x86.ActiveCfg = Debug|Any CPU
		{04539D26-C3CE-4310-8B7A-B86F837DBD52}.Debug|x86.Build.0 = Debug|Any CPU
		{04539D26-C3CE-4310-8B7A-B86F837DBD52}.Release|Any CPU.ActiveCfg = Release|Any CPU
		{04539D26-C3CE-4310-8B7A-B86F837DBD52}.Release|Any CPU.Build.0 = Release|Any CPU
		{04539D26-C3CE-4310-8B7A-B86F837DBD52}.Release|x64.ActiveCfg = Release|Any CPU
		{04539D26-C3CE-4310-8B7A-B86F837DBD52}.Release|x64.Build.0 = Release|Any CPU
		{04539D26-C3CE-4310-8B7A-B86F837DBD52}.Release|x86.ActiveCfg = Release|Any CPU
		{04539D26-C3CE-4310-8B7A-B86F837DBD52}.Release|x86.Build.0 = Release|Any CPU
	EndGlobalSection
	GlobalSection(SolutionProperties) = preSolution
		HideSolutionNode = FALSE
	EndGlobalSection
	GlobalSection(ExtensibilityGlobals) = postSolution
		SolutionGuid = {0A07106F-0D4A-40BF-B121-26CCD49424A3}
	EndGlobalSection
EndGlobal
